
Microsoft Visual Studio Solution File, Format Version 12.00
Project("{FAE04EC0-301F-11D3-BF4B-00C04F79EFBC}") = "Autovit", "Autovit\Autovit.csproj", "{67741150-E8EF-4F27-8EDB-7530D522A1AD}"
EndProject
Project("{FAE04EC0-301F-11D3-BF4B-00C04F79EFBC}") = "Services", "Services\Services.csproj", "{16B42DDE-BDC0-4246-B7F4-A773BC264DB7}"
EndProject
Project("{FAE04EC0-301F-11D3-BF4B-00C04F79EFBC}") = "Data", "Data\Data.csproj", "{FC349425-5AE2-40A2-AC6D-189FBF77D6BC}"
EndProject
Global
	GlobalSection(SolutionConfigurationPlatforms) = preSolution
		Debug|Any CPU = Debug|Any CPU
		Release|Any CPU = Release|Any CPU
	EndGlobalSection
	GlobalSection(ProjectConfigurationPlatforms) = postSolution
		{67741150-E8EF-4F27-8EDB-7530D522A1AD}.Debug|Any CPU.ActiveCfg = Debug|Any CPU
		{67741150-E8EF-4F27-8EDB-7530D522A1AD}.Debug|Any CPU.Build.0 = Debug|Any CPU
		{67741150-E8EF-4F27-8EDB-7530D522A1AD}.Release|Any CPU.ActiveCfg = Release|Any CPU
		{67741150-E8EF-4F27-8EDB-7530D522A1AD}.Release|Any CPU.Build.0 = Release|Any CPU
		{16B42DDE-BDC0-4246-B7F4-A773BC264DB7}.Debug|Any CPU.ActiveCfg = Debug|Any CPU
		{16B42DDE-BDC0-4246-B7F4-A773BC264DB7}.Debug|Any CPU.Build.0 = Debug|Any CPU
		{16B42DDE-BDC0-4246-B7F4-A773BC264DB7}.Release|Any CPU.ActiveCfg = Release|Any CPU
		{16B42DDE-BDC0-4246-B7F4-A773BC264DB7}.Release|Any CPU.Build.0 = Release|Any CPU
		{FC349425-5AE2-40A2-AC6D-189FBF77D6BC}.Debug|Any CPU.ActiveCfg = Debug|Any CPU
		{FC349425-5AE2-40A2-AC6D-189FBF77D6BC}.Debug|Any CPU.Build.0 = Debug|Any CPU
		{FC349425-5AE2-40A2-AC6D-189FBF77D6BC}.Release|Any CPU.ActiveCfg = Release|Any CPU
		{FC349425-5AE2-40A2-AC6D-189FBF77D6BC}.Release|Any CPU.Build.0 = Release|Any CPU
	EndGlobalSection
EndGlobal
